<?xml version="1.0" encoding="utf-8"?>
<Project ToolsVersion="4.0" xmlns="http://schemas.microsoft.com/developer/msbuild/2003">
  <ItemGroup>
    <Filter Include="Source Files">
      <UniqueIdentifier>{4FC737F1-C7A5-4376-A066-2A32D752A2FF}</UniqueIdentifier>
      <Extensions>cpp;c;cc;cxx;def;odl;idl;hpj;bat;asm;asmx</Extensions>
    </Filter>
    <Filter Include="Header Files">
      <UniqueIdentifier>{93995380-89BD-4b04-88EB-625FBE52EBFB}</UniqueIdentifier>
      <Extensions>h;hh;hpp;hxx;hm;inl;inc;ipp;xsd</Extensions>
    </Filter>
    <Filter Include="Resource Files">
      <UniqueIdentifier>{67DA6AB6-F800-4c08-8B7A-83BB121AAD01}</UniqueIdentifier>
      <Extensions>rc;ico;cur;bmp;dlg;rc2;rct;bin;rgs;gif;jpg;jpeg;jpe;resx;tiff;tif;png;wav;mfcribbon-ms</Extensions>
    </Filter>
    <Filter Include="Resource Files\wrapper">
      <UniqueIdentifier>{78bc41fd-564c-44de-992b-5d71fe0e01a2}</UniqueIdentifier>
    </Filter>
    <Filter Include="Resource Files\wrapper\d3d11">
      <UniqueIdentifier>{daf1dec0-ad77-4675-afa2-a4adc0cb06cf}</UniqueIdentifier>
    </Filter>
    <Filter Include="Source Files\AntiCheat">
      <UniqueIdentifier>{abe89458-8d94-4792-abc6-7e222f067671}</UniqueIdentifier>
    </Filter>
    <Filter Include="Source Files\Menu">
      <UniqueIdentifier>{784465a6-1537-45bb-9608-32c0b68c0909}</UniqueIdentifier>
    </Filter>
    <Filter Include="Header Files\Menu">
      <UniqueIdentifier>{5fd92a92-021b-442b-ae97-0750a3dc61b0}</UniqueIdentifier>
    </Filter>
  </ItemGroup>
  <ItemGroup>
    <ClCompile Include="d3d11-wrapper\src\d3d11\d3d11.cpp">
      <Filter>Resource Files\wrapper\d3d11</Filter>
    </ClCompile>
    <ClCompile Include="d3d11-wrapper\src\d3d11\exports_.cpp">
      <Filter>Resource Files\wrapper\d3d11</Filter>
    </ClCompile>
    <ClCompile Include="d3d11-wrapper\src\dllmain.cpp">
      <Filter>Resource Files\wrapper</Filter>
    </ClCompile>
    <ClCompile Include="src\AnimationEdits.cpp">
      <Filter>Source Files</Filter>
    </ClCompile>
    <ClCompile Include="src\Authors.cpp">
      <Filter>Source Files</Filter>
    </ClCompile>
    <ClCompile Include="src\BloodborneRallySystem.cpp">
      <Filter>Source Files</Filter>
    </ClCompile>
    <ClCompile Include="src\GameData.cpp">
      <Filter>Source Files</Filter>
    </ClCompile>
    <ClCompile Include="src\ModData.cpp">
      <Filter>Source Files</Filter>
    </ClCompile>
    <ClCompile Include="src\PhantomUnshackle.cpp">
      <Filter>Source Files</Filter>
    </ClCompile>
    <ClCompile Include="src\AntiCheat\AntiCheat.cpp">
      <Filter>Source Files\AntiCheat</Filter>
    </ClCompile>
    <ClCompile Include="src\Menu\SavedCharacters.cpp">
      <Filter>Source Files\Menu</Filter>
    </ClCompile>
    <ClCompile Include="src\DarkSoulsOverhaulMod.cpp">
      <Filter>Source Files</Filter>
    </ClCompile>
    <ClCompile Include="src\AntiAntiCheat.cpp">
      <Filter>Source Files</Filter>
    </ClCompile>
    <ClCompile Include="src\DeadAngles.cpp">
      <Filter>Source Files</Filter>
    </ClCompile>
    <ClCompile Include="src\EquipmentUnlock.cpp">
      <Filter>Source Files</Filter>
    </ClCompile>
    <ClCompile Include="src\Files.cpp">
      <Filter>Source Files</Filter>
    </ClCompile>
    <ClCompile Include="src\InvisibleBackstabAttackFix.cpp">
      <Filter>Source Files</Filter>
    </ClCompile>
    <ClCompile Include="src\InputUtil.cpp">
      <Filter>Source Files</Filter>
    </ClCompile>
    <ClCompile Include="src\SpellDesyncFixes.cpp">
      <Filter>Source Files</Filter>
    </ClCompile>
    <ClCompile Include="src\FixAnkles.cpp">
      <Filter>Source Files</Filter>
    </ClCompile>
    <ClCompile Include="src\CrashHandler.cpp">
      <Filter>Source Files</Filter>
    </ClCompile>
    <ClCompile Include="src\FileReloading.cpp">
      <Filter>Source Files</Filter>
    </ClCompile>
    <ClCompile Include="src\ModNetworking.cpp">
      <Filter>Source Files</Filter>
    </ClCompile>
    <ClCompile Include="src\MainLoop.cpp">
      <Filter>Source Files</Filter>
    </ClCompile>
    <ClCompile Include="src\AllAreasSearchInvasion.cpp">
      <Filter>Source Files</Filter>
    </ClCompile>
    <ClCompile Include="src\Rollback.cpp">
      <Filter>Source Files</Filter>
    </ClCompile>
  </ItemGroup>
  <ItemGroup>
    <ClInclude Include="d3d11-wrapper\include\d3d11\exports.h">
      <Filter>Resource Files\wrapper\d3d11</Filter>
    </ClInclude>
    <ClInclude Include="d3d11-wrapper\include\d3d11\main.h">
      <Filter>Resource Files\wrapper\d3d11</Filter>
    </ClInclude>
    <ClInclude Include="d3d11-wrapper\include\dllmain.h">
      <Filter>Resource Files\wrapper</Filter>
    </ClInclude>
    <ClInclude Include="include\DarkSoulsOverhaulMod.h">
      <Filter>Header Files</Filter>
    </ClInclude>
    <ClInclude Include="include\AntiAntiCheat.h">
      <Filter>Header Files</Filter>
    </ClInclude>
    <ClInclude Include="include\DeadAngles.h">
      <Filter>Header Files</Filter>
    </ClInclude>
    <ClInclude Include="include\EquipmentUnlock.h">
      <Filter>Header Files</Filter>
    </ClInclude>
    <ClInclude Include="include\InvisibleBackstabAttackFix.h">
      <Filter>Header Files</Filter>
    </ClInclude>
    <ClInclude Include="include\SpellDesyncFixes.h">
      <Filter>Header Files</Filter>
    </ClInclude>
    <ClInclude Include="include\Xinput_1_3.h">
      <Filter>Header Files</Filter>
    </ClInclude>
    <ClInclude Include="include\FixAnkles.h">
      <Filter>Header Files</Filter>
    </ClInclude>
    <ClInclude Include="include\CrashHandler.h">
      <Filter>Header Files</Filter>
    </ClInclude>
    <ClInclude Include="ui\crash_hander_ui_resource.h">
      <Filter>Header Files</Filter>
    </ClInclude>
    <ClInclude Include="include\FileReloading.h">
      <Filter>Header Files</Filter>
    </ClInclude>
    <ClInclude Include="include\ModNetworking.h">
      <Filter>Header Files</Filter>
    </ClInclude>
    <ClInclude Include="include\MainLoop.h">
      <Filter>Header Files</Filter>
    </ClInclude>
    <ClInclude Include="include\AllAreasSearchInvasion.h">
      <Filter>Header Files</Filter>
    </ClInclude>
    <ClInclude Include="include\Rollback.h">
      <Filter>Header Files</Filter>
    </ClInclude>
  </ItemGroup>
  <ItemGroup>
    <None Include="d3d11-wrapper\src\d3d11\exports.def">
      <Filter>Resource Files\wrapper\d3d11</Filter>
    </None>
    <None Include="include\AnimationEdits.h">
      <Filter>Header Files</Filter>
    </None>
    <None Include="include\AntiCheat.h">
      <Filter>Header Files</Filter>
    </None>
    <None Include="include\BloodborneRallySystem.h">
      <Filter>Header Files</Filter>
    </None>
    <None Include="include\Files.h">
      <Filter>Header Files</Filter>
    </None>
    <None Include="include\GameData.h">
      <Filter>Header Files</Filter>
    </None>
    <None Include="include\ModData.h">
      <Filter>Header Files</Filter>
    </None>
    <None Include="include\PhantomUnshackle.h">
      <Filter>Header Files</Filter>
    </None>
    <None Include="include\Menu\SavedCharacters.h">
      <Filter>Header Files\Menu</Filter>
    </None>
    <None Include="..\README.md" />
    <None Include="include\InputUtil.h">
      <Filter>Header Files</Filter>
    </None>
  </ItemGroup>
  <ItemGroup>
    <MASM Include="src\BloodborneRallySystemASM.asm">
      <Filter>Source Files</Filter>
    </MASM>
    <MASM Include="src\AntiCheat\NpcGuardASM.asm">
      <Filter>Source Files\AntiCheat</Filter>
    </MASM>
    <MASM Include="src\DeadAnglesASM.asm">
      <Filter>Source Files</Filter>
    </MASM>
    <MASM Include="src\EquipmentUnlockASM.asm">
      <Filter>Source Files</Filter>
    </MASM>
    <MASM Include="src\AnimationEditsASM.asm">
      <Filter>Source Files</Filter>
    </MASM>
    <MASM Include="src\AntiCheat\TeleBackstabProtectASM.asm">
      <Filter>Source Files\AntiCheat</Filter>
    </MASM>
    <MASM Include="src\AntiCheat\BossGuardASM.asm">
      <Filter>Source Files\AntiCheat</Filter>
    </MASM>
    <MASM Include="src\PhantomUnshackleASM.asm">
      <Filter>Source Files</Filter>
    </MASM>
    <MASM Include="src\FilesASM.asm">
      <Filter>Source Files</Filter>
    </MASM>
    <MASM Include="src\Menu\SavedCharactersASM.asm">
      <Filter>Source Files\Menu</Filter>
    </MASM>
    <MASM Include="src\AntiCheat\NameCrashPreventASM.asm">
      <Filter>Source Files\AntiCheat</Filter>
    </MASM>
    <MASM Include="src\InvisibleBackstabAttackFixASM.asm">
      <Filter>Source Files</Filter>
    </MASM>
    <MASM Include="src\AntiAntiCheatASM.asm">
      <Filter>Source Files</Filter>
    </MASM>
    <MASM Include="src\InputUtilASM.asm">
      <Filter>Source Files</Filter>
    </MASM>
    <MASM Include="src\GameDataASM.asm">
      <Filter>Source Files</Filter>
    </MASM>
    <MASM Include="src\SpellDesyncFixesASM.asm">
      <Filter>Source Files</Filter>
    </MASM>
    <MASM Include="src\FixAnklesASM.asm">
      <Filter>Source Files</Filter>
    </MASM>
    <MASM Include="src\CrashHandlerASM.asm">
      <Filter>Source Files</Filter>
    </MASM>
    <MASM Include="src\ModNetworking_ASM.asm">
      <Filter>Source Files</Filter>
    </MASM>
    <MASM Include="src\MainLoopASM.asm">
      <Filter>Source Files</Filter>
    </MASM>
    <MASM Include="src\AntiCheat\BadSpeffectProtectASM.asm">
      <Filter>Source Files\AntiCheat</Filter>
    </MASM>
    <MASM Include="src\FileReloadingASM.asm">
      <Filter>Source Files</Filter>
    </MASM>
    <MASM Include="src\AllAreasSearchInvasionASM.asm">
      <Filter>Source Files</Filter>
    </MASM>
    <MASM Include="src\RollbackASM.asm">
      <Filter>Source Files</Filter>
    </MASM>
  </ItemGroup>
  <ItemGroup>
    <ResourceCompile Include="ui\CrashHandler_UI.rc">
      <Filter>Resource Files</Filter>
    </ResourceCompile>
  </ItemGroup>
</Project>