
Microsoft Visual Studio Solution File, Format Version 12.00
# Visual Studio 15
VisualStudioVersion = 15.0.27703.2018
MinimumVisualStudioVersion = 10.0.40219.1
Project("{8BC9CEB8-8B4A-11D0-8D11-00A0C91BC942}") = "DarkSoulsOverhaulMod", "DarkSoulsOverhaulMod.vcxproj", "{3CE2AEC1-20A5-4E92-B760-98829781F1FF}"
EndProject
Global
	GlobalSection(SolutionConfigurationPlatforms) = preSolution
		Release|x64 = Release|x64
		Release|x86 = Release|x86
	EndGlobalSection
	GlobalSection(ProjectConfigurationPlatforms) = postSolution
		{3CE2AEC1-20A5-4E92-B760-98829781F1FF}.Release|x64.ActiveCfg = Release|x64
		{3CE2AEC1-20A5-4E92-B760-98829781F1FF}.Release|x64.Build.0 = Release|x64
		{3CE2AEC1-20A5-4E92-B760-98829781F1FF}.Release|x86.ActiveCfg = Release|x64
	EndGlobalSection
	GlobalSection(SolutionProperties) = preSolution
		HideSolutionNode = FALSE
	EndGlobalSection
	GlobalSection(ExtensibilityGlobals) = postSolution
		SolutionGuid = {E8F93126-4AD0-4141-A174-D99C03800278}
	EndGlobalSection
EndGlobal
