<?xml version="1.0" encoding="utf-8"?>
<Project ToolsVersion="4.0" xmlns="http://schemas.microsoft.com/developer/msbuild/2003">
  <ItemGroup>
    <Filter Include="Source Files">
      <UniqueIdentifier>{4FC737F1-C7A5-4376-A066-2A32D752A2FF}</UniqueIdentifier>
      <Extensions>cpp;c;cc;cxx;def;odl;idl;hpj;bat;asm;asmx</Extensions>
    </Filter>
    <Filter Include="Header Files">
      <UniqueIdentifier>{93995380-89BD-4b04-88EB-625FBE52EBFB}</UniqueIdentifier>
      <Extensions>h;hh;hpp;hxx;hm;inl;inc;ipp;xsd</Extensions>
    </Filter>
    <Filter Include="Resource Files">
      <UniqueIdentifier>{67DA6AB6-F800-4c08-8B7A-83BB121AAD01}</UniqueIdentifier>
      <Extensions>rc;ico;cur;bmp;dlg;rc2;rct;bin;rgs;gif;jpg;jpeg;jpe;resx;tiff;tif;png;wav;mfcribbon-ms</Extensions>
    </Filter>
    <Filter Include="Resource Files\wrapper">
      <UniqueIdentifier>{78bc41fd-564c-44de-992b-5d71fe0e01a2}</UniqueIdentifier>
    </Filter>
    <Filter Include="Resource Files\wrapper\d3d11">
      <UniqueIdentifier>{daf1dec0-ad77-4675-afa2-a4adc0cb06cf}</UniqueIdentifier>
    </Filter>
    <Filter Include="Source Files\AntiCheat">
      <UniqueIdentifier>{abe89458-8d94-4792-abc6-7e222f067671}</UniqueIdentifier>
    </Filter>
    <Filter Include="Source Files\Challenge">
      <UniqueIdentifier>{ea94e11e-b719-4bd6-a7f4-4332b62aa97f}</UniqueIdentifier>
    </Filter>
    <Filter Include="Source Files\Plugin">
      <UniqueIdentifier>{f0d3ac99-2641-4356-9d86-d5667ab055ed}</UniqueIdentifier>
    </Filter>
    <Filter Include="Source Files\Menu">
      <UniqueIdentifier>{784465a6-1537-45bb-9608-32c0b68c0909}</UniqueIdentifier>
    </Filter>
    <Filter Include="Header Files\Challenge">
      <UniqueIdentifier>{6283414b-43eb-4f80-85a2-dc1cd1b9a342}</UniqueIdentifier>
    </Filter>
    <Filter Include="Header Files\Menu">
      <UniqueIdentifier>{5fd92a92-021b-442b-ae97-0750a3dc61b0}</UniqueIdentifier>
    </Filter>
    <Filter Include="Header Files\Plugin">
      <UniqueIdentifier>{8306bc4f-b139-4f1d-93d5-702f7c011e49}</UniqueIdentifier>
    </Filter>
  </ItemGroup>
  <ItemGroup>
    <ClCompile Include="d3d11-wrapper\src\d3d11\d3d11.cpp">
      <Filter>Resource Files\wrapper\d3d11</Filter>
    </ClCompile>
    <ClCompile Include="d3d11-wrapper\src\d3d11\exports_.cpp">
      <Filter>Resource Files\wrapper\d3d11</Filter>
    </ClCompile>
    <ClCompile Include="d3d11-wrapper\src\dllmain.cpp">
      <Filter>Resource Files\wrapper</Filter>
    </ClCompile>
    <ClCompile Include="src\AnimationEdits.cpp">
      <Filter>Source Files</Filter>
    </ClCompile>
    <ClCompile Include="src\Authors.cpp">
      <Filter>Source Files</Filter>
    </ClCompile>
    <ClCompile Include="src\BloodborneRallySystem.cpp">
      <Filter>Source Files</Filter>
    </ClCompile>
    <ClCompile Include="src\GameData.cpp">
      <Filter>Source Files</Filter>
    </ClCompile>
    <ClCompile Include="src\ModData.cpp">
      <Filter>Source Files</Filter>
    </ClCompile>
    <ClCompile Include="src\MoveWhileCasting.cpp">
      <Filter>Source Files</Filter>
    </ClCompile>
    <ClCompile Include="src\PhantomLimit.cpp">
      <Filter>Source Files</Filter>
    </ClCompile>
    <ClCompile Include="src\PhantomUnshackle.cpp">
      <Filter>Source Files</Filter>
    </ClCompile>
    <ClCompile Include="src\XInputUtil.cpp">
      <Filter>Source Files</Filter>
    </ClCompile>
    <ClCompile Include="src\AntiCheat\AntiCheat.cpp">
      <Filter>Source Files\AntiCheat</Filter>
    </ClCompile>
    <ClCompile Include="src\Challenge\AggressiveAI.cpp">
      <Filter>Source Files\Challenge</Filter>
    </ClCompile>
    <ClCompile Include="src\Challenge\BlackPhantomEnemies.cpp">
      <Filter>Source Files\Challenge</Filter>
    </ClCompile>
    <ClCompile Include="src\Challenge\GravelordPhantoms.cpp">
      <Filter>Source Files\Challenge</Filter>
    </ClCompile>
    <ClCompile Include="src\Menu\SavedCharacters.cpp">
      <Filter>Source Files\Menu</Filter>
    </ClCompile>
    <ClCompile Include="src\Plugin\ConsoleCommands.cpp">
      <Filter>Source Files\Plugin</Filter>
    </ClCompile>
    <ClCompile Include="src\Plugin\KeybindFunctions.cpp">
      <Filter>Source Files\Plugin</Filter>
    </ClCompile>
    <ClCompile Include="src\DarkSoulsOverhaulMod.cpp">
      <Filter>Source Files</Filter>
    </ClCompile>
    <ClCompile Include="src\AntiAntiCheat.cpp">
      <Filter>Source Files</Filter>
    </ClCompile>
    <ClCompile Include="src\DeadAngles.cpp">
      <Filter>Source Files</Filter>
    </ClCompile>
    <ClCompile Include="src\EquipmentUnlock.cpp">
      <Filter>Source Files</Filter>
    </ClCompile>
    <ClCompile Include="src\Files.cpp">
      <Filter>Source Files</Filter>
    </ClCompile>
    <ClCompile Include="src\InvisibleBackstabAttackFix.cpp">
      <Filter>Source Files</Filter>
    </ClCompile>
  </ItemGroup>
  <ItemGroup>
    <ClInclude Include="d3d11-wrapper\include\d3d11\exports.h">
      <Filter>Resource Files\wrapper\d3d11</Filter>
    </ClInclude>
    <ClInclude Include="d3d11-wrapper\include\d3d11\main.h">
      <Filter>Resource Files\wrapper\d3d11</Filter>
    </ClInclude>
    <ClInclude Include="d3d11-wrapper\include\dllmain.h">
      <Filter>Resource Files\wrapper</Filter>
    </ClInclude>
    <ClInclude Include="include\DarkSoulsOverhaulMod.h">
      <Filter>Header Files</Filter>
    </ClInclude>
    <ClInclude Include="include\AntiAntiCheat.h">
      <Filter>Header Files</Filter>
    </ClInclude>
    <ClInclude Include="include\DeadAngles.h">
      <Filter>Header Files</Filter>
    </ClInclude>
    <ClInclude Include="include\EquipmentUnlock.h">
      <Filter>Header Files</Filter>
    </ClInclude>
    <ClInclude Include="include\InvisibleBackstabAttackFix.h">
      <Filter>Header Files</Filter>
    </ClInclude>
  </ItemGroup>
  <ItemGroup>
    <None Include="d3d11-wrapper\src\d3d11\exports.def">
      <Filter>Resource Files\wrapper\d3d11</Filter>
    </None>
    <None Include="include\AnimationEdits.h">
      <Filter>Header Files</Filter>
    </None>
    <None Include="include\AntiCheat.h">
      <Filter>Header Files</Filter>
    </None>
    <None Include="include\BloodborneRallySystem.h">
      <Filter>Header Files</Filter>
    </None>
    <None Include="include\DllMain_Legacy.h">
      <Filter>Header Files</Filter>
    </None>
    <None Include="include\Files.h">
      <Filter>Header Files</Filter>
    </None>
    <None Include="include\GameData.h">
      <Filter>Header Files</Filter>
    </None>
    <None Include="include\ModData.h">
      <Filter>Header Files</Filter>
    </None>
    <None Include="include\MoveWhileCasting.h">
      <Filter>Header Files</Filter>
    </None>
    <None Include="include\PhantomLimit.h">
      <Filter>Header Files</Filter>
    </None>
    <None Include="include\PhantomUnshackle.h">
      <Filter>Header Files</Filter>
    </None>
    <None Include="include\XInputUtil.h">
      <Filter>Header Files</Filter>
    </None>
    <None Include="include\Challenge\AggressiveAI.h">
      <Filter>Header Files\Challenge</Filter>
    </None>
    <None Include="include\Challenge\GravelordPhantoms.h">
      <Filter>Header Files\Challenge</Filter>
    </None>
    <None Include="include\Challenge\BlackPhantomEnemies.h">
      <Filter>Header Files\Challenge</Filter>
    </None>
    <None Include="include\Menu\SavedCharacters.h">
      <Filter>Header Files\Menu</Filter>
    </None>
    <None Include="include\Plugin\KeybindFunctions.h">
      <Filter>Header Files\Plugin</Filter>
    </None>
    <None Include="include\Plugin\ConsoleCommands.h">
      <Filter>Header Files\Plugin</Filter>
    </None>
    <None Include="..\README.md" />
  </ItemGroup>
  <ItemGroup>
    <MASM Include="src\BloodborneRallySystemASM.asm">
      <Filter>Source Files</Filter>
    </MASM>
    <MASM Include="src\AntiCheat\NpcGuardASM.asm">
      <Filter>Source Files\AntiCheat</Filter>
    </MASM>
    <MASM Include="src\DeadAnglesASM.asm">
      <Filter>Source Files</Filter>
    </MASM>
    <MASM Include="src\EquipmentUnlockASM.asm">
      <Filter>Source Files</Filter>
    </MASM>
    <MASM Include="src\MoveWhileCastingASM.asm">
      <Filter>Source Files</Filter>
    </MASM>
    <MASM Include="src\AnimationEditsASM.asm">
      <Filter>Source Files</Filter>
    </MASM>
    <MASM Include="src\AntiCheat\TeleBackstabProtectASM.asm">
      <Filter>Source Files\AntiCheat</Filter>
    </MASM>
    <MASM Include="src\AntiCheat\BossGuardASM.asm">
      <Filter>Source Files\AntiCheat</Filter>
    </MASM>
    <MASM Include="src\PhantomUnshackleASM.asm">
      <Filter>Source Files</Filter>
    </MASM>
    <MASM Include="src\FilesASM.asm">
      <Filter>Source Files</Filter>
    </MASM>
    <MASM Include="src\Menu\SavedCharactersASM.asm">
      <Filter>Source Files\Menu</Filter>
    </MASM>
    <MASM Include="src\XInputUtilASM.asm">
      <Filter>Source Files</Filter>
    </MASM>
    <MASM Include="src\AntiCheat\NameCrashPreventASM.asm">
      <Filter>Source Files\AntiCheat</Filter>
    </MASM>
    <MASM Include="src\InvisibleBackstabAttackFixASM.asm">
      <Filter>Source Files</Filter>
    </MASM>
  </ItemGroup>
</Project>