<?xml version="1.0" encoding="utf-8"?>
<Project ToolsVersion="4.0" xmlns="http://schemas.microsoft.com/developer/msbuild/2003">
  <ItemGroup>
    <Filter Include="Source Files">
      <UniqueIdentifier>{4FC737F1-C7A5-4376-A066-2A32D752A2FF}</UniqueIdentifier>
      <Extensions>cpp;c;cc;cxx;def;odl;idl;hpj;bat;asm;asmx</Extensions>
    </Filter>
    <Filter Include="Header Files">
      <UniqueIdentifier>{93995380-89BD-4b04-88EB-625FBE52EBFB}</UniqueIdentifier>
      <Extensions>h;hh;hpp;hxx;hm;inl;inc;xsd</Extensions>
    </Filter>
    <Filter Include="Resource Files">
      <UniqueIdentifier>{67DA6AB6-F800-4c08-8B7A-83BB121AAD01}</UniqueIdentifier>
      <Extensions>rc;ico;cur;bmp;dlg;rc2;rct;bin;rgs;gif;jpg;jpeg;jpe;resx;tiff;tif;png;wav;mfcribbon-ms</Extensions>
    </Filter>
    <Filter Include="Header Files\ParamDefs">
      <UniqueIdentifier>{01b81423-cd60-4fb5-b354-b12cb5a939e1}</UniqueIdentifier>
    </Filter>
  </ItemGroup>
  <ItemGroup>
    <ClCompile Include="DarkSoulsOverhaulMod.cpp">
      <Filter>Source Files</Filter>
    </ClCompile>
    <ClCompile Include="DllMain.cpp">
      <Filter>Source Files</Filter>
    </ClCompile>
    <ClCompile Include="src\Debug\ConsoleCommandsDebug.cpp">
      <Filter>Source Files</Filter>
    </ClCompile>
    <ClCompile Include="src\GameData.cpp">
      <Filter>Source Files</Filter>
    </ClCompile>
    <ClCompile Include="src\ModData.cpp">
      <Filter>Source Files</Filter>
    </ClCompile>
    <ClCompile Include="src\PhantomLimit.cpp">
      <Filter>Source Files</Filter>
    </ClCompile>
    <ClCompile Include="src\Plugin\ConsoleCommands.cpp">
      <Filter>Source Files</Filter>
    </ClCompile>
    <ClCompile Include="src\Plugin\KeybindFunctions.cpp">
      <Filter>Source Files</Filter>
    </ClCompile>
    <ClCompile Include="src\GameEnum.cpp">
      <Filter>Source Files</Filter>
    </ClCompile>
  </ItemGroup>
  <ItemGroup>
    <ClInclude Include="lib\PluginImports.h">
      <Filter>Header Files</Filter>
    </ClInclude>
    <ClInclude Include="include\Debug\ConsoleCommandsDebug.h">
      <Filter>Header Files</Filter>
    </ClInclude>
    <ClInclude Include="include\DllMain.h">
      <Filter>Header Files</Filter>
    </ClInclude>
    <ClInclude Include="include\GameData.h">
      <Filter>Header Files</Filter>
    </ClInclude>
    <ClInclude Include="include\ModData.h">
      <Filter>Header Files</Filter>
    </ClInclude>
    <ClInclude Include="include\PhantomLimit.h">
      <Filter>Header Files</Filter>
    </ClInclude>
    <ClInclude Include="include\Plugin\ConsoleCommands.h">
      <Filter>Header Files</Filter>
    </ClInclude>
    <ClInclude Include="include\Plugin\KeybindFunctions.h">
      <Filter>Header Files</Filter>
    </ClInclude>
    <ClInclude Include="include\GameFiles.h">
      <Filter>Header Files</Filter>
    </ClInclude>
    <ClInclude Include="include\ParamDef\ArmorParamDef.h">
      <Filter>Header Files\ParamDefs</Filter>
    </ClInclude>
    <ClInclude Include="include\Debug\GameParamDefsDebug.h">
      <Filter>Header Files\ParamDefs</Filter>
    </ClInclude>
    <ClInclude Include="include\ParamDef\LockCamParamDef.h">
      <Filter>Header Files\ParamDefs</Filter>
    </ClInclude>
    <ClInclude Include="include\ParamDef\CharInitParamDef.h">
      <Filter>Header Files\ParamDefs</Filter>
    </ClInclude>
    <ClInclude Include="include\ParamDef\NPCParamDef.h">
      <Filter>Header Files\ParamDefs</Filter>
    </ClInclude>
    <ClInclude Include="include\ParamDef.h">
      <Filter>Header Files\ParamDefs</Filter>
    </ClInclude>
    <ClInclude Include="include\ParamDef\MagicParamDef.h">
      <Filter>Header Files\ParamDefs</Filter>
    </ClInclude>
    <ClInclude Include="include\ParamDef\ItemParamDef.h">
      <Filter>Header Files\ParamDefs</Filter>
    </ClInclude>
    <ClInclude Include="include\ParamDef\ShopLineupParamDef.h">
      <Filter>Header Files\ParamDefs</Filter>
    </ClInclude>
    <ClInclude Include="include\ParamDef\BehaviorNPCParamDef.h">
      <Filter>Header Files\ParamDefs</Filter>
    </ClInclude>
    <ClInclude Include="include\ParamDef\BulletParamDef.h">
      <Filter>Header Files\ParamDefs</Filter>
    </ClInclude>
    <ClInclude Include="include\ParamDef\SpecialEffectParamDef.h">
      <Filter>Header Files\ParamDefs</Filter>
    </ClInclude>
    <ClInclude Include="include\ParamDef\ThrowParamDef.h">
      <Filter>Header Files\ParamDefs</Filter>
    </ClInclude>
    <ClInclude Include="include\ParamDef\WeaponParamDef.h">
      <Filter>Header Files\ParamDefs</Filter>
    </ClInclude>
    <ClInclude Include="include\ParamDef\SpecialEffectVFXParamDef.h">
      <Filter>Header Files\ParamDefs</Filter>
    </ClInclude>
    <ClInclude Include="include\ParamDef\MoveParamDef.h">
      <Filter>Header Files\ParamDefs</Filter>
    </ClInclude>
    <ClInclude Include="include\ParamDef\NPCThinkParamDef.h">
      <Filter>Header Files\ParamDefs</Filter>
    </ClInclude>
    <ClInclude Include="include\ParamDef\MenuColorTableParamDef.h">
      <Filter>Header Files\ParamDefs</Filter>
    </ClInclude>
    <ClInclude Include="include\ParamDef\MaterialSetParamDef.h">
      <Filter>Header Files\ParamDefs</Filter>
    </ClInclude>
    <ClInclude Include="include\ParamDef\GameParamDef.h">
      <Filter>Header Files\ParamDefs</Filter>
    </ClInclude>
    <ClInclude Include="include\ParamDef\BehaviorPCParamDef.h">
      <Filter>Header Files\ParamDefs</Filter>
    </ClInclude>
    <ClInclude Include="include\ParamDef\ItemLotParamDef.h">
      <Filter>Header Files\ParamDefs</Filter>
    </ClInclude>
    <ClInclude Include="include\GameEnum.h">
      <Filter>Header Files</Filter>
    </ClInclude>
    <ClInclude Include="include\ParamDef\AIStandardInfoParamDef.h">
      <Filter>Header Files\ParamDefs</Filter>
    </ClInclude>
  </ItemGroup>
  <ItemGroup>
    <None Include="Exports.def">
      <Filter>Source Files</Filter>
    </None>
  </ItemGroup>
</Project>